
Microsoft Visual Studio Solution File, Format Version 12.00
# Visual Studio Version 17
VisualStudioVersion = 17.10.35013.160
MinimumVisualStudioVersion = 10.0.40219.1
Project("{FAE04EC0-301F-11D3-BF4B-00C04F79EFBC}") = "ass2", "ass2\ass2.csproj", "{1838FC9E-B36B-4572-9370-9584CA9B223D}"
EndProject
Global
	GlobalSection(SolutionConfigurationPlatforms) = preSolution
		Debug|Any CPU = Debug|Any CPU
		Release|Any CPU = Release|Any CPU
	EndGlobalSection
	GlobalSection(ProjectConfigurationPlatforms) = postSolution
		{1838FC9E-B36B-4572-9370-9584CA9B223D}.Debug|Any CPU.ActiveCfg = Debug|Any CPU
		{1838FC9E-B36B-4572-9370-9584CA9B223D}.Debug|Any CPU.Build.0 = Debug|Any CPU
		{1838FC9E-B36B-4572-9370-9584CA9B223D}.Release|Any CPU.ActiveCfg = Release|Any CPU
		{1838FC9E-B36B-4572-9370-9584CA9B223D}.Release|Any CPU.Build.0 = Release|Any CPU
	EndGlobalSection
	GlobalSection(SolutionProperties) = preSolution
		HideSolutionNode = FALSE
	EndGlobalSection
	GlobalSection(ExtensibilityGlobals) = postSolution
		SolutionGuid = {6D75AE29-3A6E-46B9-830A-5381577EE0B3}
	EndGlobalSection
EndGlobal
